
Microsoft Visual Studio Solution File, Format Version 12.00
# Visual Studio Version 17
VisualStudioVersion = 17.4.33122.133
MinimumVisualStudioVersion = 10.0.40219.1
Project("{FAE04EC0-301F-11D3-BF4B-00C04F79EFBC}") = "C_Practice_loops_ifelse_switch_case", "C_Practice_loops_ifelse_switch_case\C_Practice_loops_ifelse_switch_case.csproj", "{F098DBBA-C554-44C6-8D68-FFBF265E2283}"
EndProject
Global
	GlobalSection(SolutionConfigurationPlatforms) = preSolution
		Debug|Any CPU = Debug|Any CPU
		Release|Any CPU = Release|Any CPU
	EndGlobalSection
	GlobalSection(ProjectConfigurationPlatforms) = postSolution
		{F098DBBA-C554-44C6-8D68-FFBF265E2283}.Debug|Any CPU.ActiveCfg = Debug|Any CPU
		{F098DBBA-C554-44C6-8D68-FFBF265E2283}.Debug|Any CPU.Build.0 = Debug|Any CPU
		{F098DBBA-C554-44C6-8D68-FFBF265E2283}.Release|Any CPU.ActiveCfg = Release|Any CPU
		{F098DBBA-C554-44C6-8D68-FFBF265E2283}.Release|Any CPU.Build.0 = Release|Any CPU
	EndGlobalSection
	GlobalSection(SolutionProperties) = preSolution
		HideSolutionNode = FALSE
	EndGlobalSection
	GlobalSection(ExtensibilityGlobals) = postSolution
		SolutionGuid = {CC6BA30F-585F-408C-8717-A2525AA14A37}
	EndGlobalSection
EndGlobal
